<?xml version="1.0" encoding="utf-8"?>
<Project ToolsVersion="4.0" xmlns="http://schemas.microsoft.com/developer/msbuild/2003">
  <ItemGroup>
    <ClInclude Include="GameEngine\sources\GameEngine\Core.h" />
    <ClInclude Include="GameEngine\sources\GameEngine\EntryPoint.h" />
    <ClInclude Include="GameEngine\sources\GameEngine.h" />
    <ClInclude Include="GameEngine\sources\GameEngine\Application\Application.h" />
    <ClInclude Include="GameEngine\sources\GameEngine\Log\Log.h" />
    <ClInclude Include="GameEngine\sources\GameEngine\Time\Timer.h" />
    <ClInclude Include="GameEngine\sources\GameEngine\Time\Time.h" />
    <ClInclude Include="GameEngine\sources\GameEngine\Window\Window.h" />
    <ClInclude Include="GameEngine\sources\GameEngine\Math\Vector2.h" />
  </ItemGroup>
  <ItemGroup>
    <ClCompile Include="GameEngine\sources\GameEngine\Application\Application.cpp" />
    <ClCompile Include="GameEngine\sources\GameEngine\Log\Log.cpp" />
    <ClCompile Include="GameEngine\sources\GameEngine\Time\Timer.cpp" />
    <ClCompile Include="GameEngine\sources\GameEngine\Time\Time.cpp" />
    <ClCompile Include="GameEngine\sources\GameEngine\Math\Vector2.cpp" />
  </ItemGroup>
</Project>